
Microsoft Visual Studio Solution File, Format Version 12.00
# Visual Studio 2013
VisualStudioVersion = 12.0.31101.0
MinimumVisualStudioVersion = 10.0.40219.1
Project("{8BC9CEB8-8B4A-11D0-8D11-00A0C91BC942}") = "config_parser", "config_parser\config_parser.vcxproj", "{D0CB1210-7A6B-44FA-BFCE-EB30D7749565}"
EndProject
Project("{8BC9CEB8-8B4A-11D0-8D11-00A0C91BC942}") = "LinuxProject1", "..\LinuxProject1.vcxproj", "{9899D201-1304-4DA2-8C9C-7640BB03CFA2}"
EndProject
Global
	GlobalSection(SolutionConfigurationPlatforms) = preSolution
		Debug|Win32 = Debug|Win32
		Release|Win32 = Release|Win32
	EndGlobalSection
	GlobalSection(ProjectConfigurationPlatforms) = postSolution
		{D0CB1210-7A6B-44FA-BFCE-EB30D7749565}.Debug|Win32.ActiveCfg = Debug|Win32
		{D0CB1210-7A6B-44FA-BFCE-EB30D7749565}.Debug|Win32.Build.0 = Debug|Win32
		{D0CB1210-7A6B-44FA-BFCE-EB30D7749565}.Release|Win32.ActiveCfg = Release|Win32
		{D0CB1210-7A6B-44FA-BFCE-EB30D7749565}.Release|Win32.Build.0 = Release|Win32
		{9899D201-1304-4DA2-8C9C-7640BB03CFA2}.Debug|Win32.ActiveCfg = Debug|Win32
		{9899D201-1304-4DA2-8C9C-7640BB03CFA2}.Debug|Win32.Build.0 = Debug|Win32
		{9899D201-1304-4DA2-8C9C-7640BB03CFA2}.Release|Win32.ActiveCfg = Release|Win32
		{9899D201-1304-4DA2-8C9C-7640BB03CFA2}.Release|Win32.Build.0 = Release|Win32
	EndGlobalSection
	GlobalSection(SolutionProperties) = preSolution
		HideSolutionNode = FALSE
	EndGlobalSection
EndGlobal
